
Microsoft Visual Studio Solution File, Format Version 12.00
# Visual Studio Version 17
VisualStudioVersion = 17.14.36603.0 d17.14
MinimumVisualStudioVersion = 10.0.40219.1
Project("{8BC9CEB8-8B4A-11D0-8D11-00A0C91BC942}") = "Kostikov_MN_9.1_RandomCountsGenerator", "Kostikov_MN_9.1_RandomCountsGenerator\Kostikov_MN_9.1_RandomCountsGenerator.vcxproj", "{A6BED9FB-0FD5-4C97-906E-ACF0CB09DFB0}"
EndProject
Global
	GlobalSection(SolutionConfigurationPlatforms) = preSolution
		Debug|x64 = Debug|x64
		Debug|x86 = Debug|x86
		Release|x64 = Release|x64
		Release|x86 = Release|x86
	EndGlobalSection
	GlobalSection(ProjectConfigurationPlatforms) = postSolution
		{A6BED9FB-0FD5-4C97-906E-ACF0CB09DFB0}.Debug|x64.ActiveCfg = Debug|x64
		{A6BED9FB-0FD5-4C97-906E-ACF0CB09DFB0}.Debug|x64.Build.0 = Debug|x64
		{A6BED9FB-0FD5-4C97-906E-ACF0CB09DFB0}.Debug|x86.ActiveCfg = Debug|Win32
		{A6BED9FB-0FD5-4C97-906E-ACF0CB09DFB0}.Debug|x86.Build.0 = Debug|Win32
		{A6BED9FB-0FD5-4C97-906E-ACF0CB09DFB0}.Release|x64.ActiveCfg = Release|x64
		{A6BED9FB-0FD5-4C97-906E-ACF0CB09DFB0}.Release|x64.Build.0 = Release|x64
		{A6BED9FB-0FD5-4C97-906E-ACF0CB09DFB0}.Release|x86.ActiveCfg = Release|Win32
		{A6BED9FB-0FD5-4C97-906E-ACF0CB09DFB0}.Release|x86.Build.0 = Release|Win32
	EndGlobalSection
	GlobalSection(SolutionProperties) = preSolution
		HideSolutionNode = FALSE
	EndGlobalSection
	GlobalSection(ExtensibilityGlobals) = postSolution
		SolutionGuid = {328AFA9A-3812-4F59-AA5F-37EE8A682EF7}
	EndGlobalSection
EndGlobal
